{
  "name": "@mixint/transflect",
  "version": "0.4.0",
  "lockfileVersion": 1,
  "requires": true,
  "dependencies": {
    "parsedmessage": {
      "version": "3.0.1",
      "resolved": "https://registry.npmjs.org/parsedmessage/-/parsedmessage-3.0.1.tgz",
      "integrity": "sha512-6nUqDz6biYZYeW8pKbR6pFunv3u3mgQjjtR2LOPi7xJAv2wc40DgIfLa8oWMOKOB6ZXlsCrtMVgGiYn0nf7kwg=="
    },
    "serverfailsoft": {
      "version": "1.2.3",
      "resolved": "https://registry.npmjs.org/serverfailsoft/-/serverfailsoft-1.2.3.tgz",
      "integrity": "sha512-PmpbSCn4v9+je2ah8ChJaLPVKs7klRXT2OjdGxyEKB1r2XzGvLBi2D88mZ/R+oWZNR6VCELqkN3qgCVUZsrn3Q=="
    }
  }
}
